// !$*UTF8*$!
{
	archiveVersion = 1;
	classes = {
	};
	objectVersion = 56;
	objects = {

/* Begin PBXBuildFile section */
		43ADA23A29ADC7DE0098CBCA /* List_examplesApp.swift in Sources */ = {isa = PBXBuildFile; fileRef = 43ADA23929ADC7DE0098CBCA /* List_examplesApp.swift */; };
		43ADA23C29ADC7DE0098CBCA /* ListaSimple.swift in Sources */ = {isa = PBXBuildFile; fileRef = 43ADA23B29ADC7DE0098CBCA /* ListaSimple.swift */; };
		43ADA23E29ADC7DF0098CBCA /* Assets.xcassets in Resources */ = {isa = PBXBuildFile; fileRef = 43ADA23D29ADC7DF0098CBCA /* Assets.xcassets */; };
		43ADA24129ADC7DF0098CBCA /* Preview Assets.xcassets in Resources */ = {isa = PBXBuildFile; fileRef = 43ADA24029ADC7DF0098CBCA /* Preview Assets.xcassets */; };
		43ADA24829ADD4270098CBCA /* ListaDinamica.swift in Sources */ = {isa = PBXBuildFile; fileRef = 43ADA24729ADD4270098CBCA /* ListaDinamica.swift */; };
		43ADA24A29ADD9E60098CBCA /* ListaDinamicaSeleccion.swift in Sources */ = {isa = PBXBuildFile; fileRef = 43ADA24929ADD9E60098CBCA /* ListaDinamicaSeleccion.swift */; };
/* End PBXBuildFile section */

/* Begin PBXFileReference section */
		43ADA23629ADC7DE0098CBCA /* List examples.app */ = {isa = PBXFileReference; explicitFileType = wrapper.application; includeInIndex = 0; path = "List examples.app"; sourceTree = BUILT_PRODUCTS_DIR; };
		43ADA23929ADC7DE0098CBCA /* List_examplesApp.swift */ = {isa = PBXFileReference; lastKnownFileType = sourcecode.swift; path = List_examplesApp.swift; sourceTree = "<group>"; };
		43ADA23B29ADC7DE0098CBCA /* ListaSimple.swift */ = {isa = PBXFileReference; lastKnownFileType = sourcecode.swift; path = ListaSimple.swift; sourceTree = "<group>"; };
		43ADA23D29ADC7DF0098CBCA /* Assets.xcassets */ = {isa = PBXFileReference; lastKnownFileType = folder.assetcatalog; path = Assets.xcassets; sourceTree = "<group>"; };
		43ADA24029ADC7DF0098CBCA /* Preview Assets.xcassets */ = {isa = PBXFileReference; lastKnownFileType = folder.assetcatalog; path = "Preview Assets.xcassets"; sourceTree = "<group>"; };
		43ADA24729ADD4270098CBCA /* ListaDinamica.swift */ = {isa = PBXFileReference; lastKnownFileType = sourcecode.swift; path = ListaDinamica.swift; sourceTree = "<group>"; };
		43ADA24929ADD9E60098CBCA /* ListaDinamicaSeleccion.swift */ = {isa = PBXFileReference; lastKnownFileType = sourcecode.swift; path = ListaDinamicaSeleccion.swift; sourceTree = "<group>"; };
/* End PBXFileReference section */

/* Begin PBXFrameworksBuildPhase section */
		43ADA23329ADC7DE0098CBCA /* Frameworks */ = {
			isa = PBXFrameworksBuildPhase;
			buildActionMask = 2147483647;
			files = (
			);
			runOnlyForDeploymentPostprocessing = 0;
		};
/* End PBXFrameworksBuildPhase section */

/* Begin PBXGroup section */
		43ADA22D29ADC7DE0098CBCA = {
			isa = PBXGroup;
			children = (
				43ADA23829ADC7DE0098CBCA /* List examples */,
				43ADA23729ADC7DE0098CBCA /* Products */,
			);
			sourceTree = "<group>";
		};
		43ADA23729ADC7DE0098CBCA /* Products */ = {
			isa = PBXGroup;
			children = (
				43ADA23629ADC7DE0098CBCA /* List examples.app */,
			);
			name = Products;
			sourceTree = "<group>";
		};
		43ADA23829ADC7DE0098CBCA /* List examples */ = {
			isa = PBXGroup;
			children = (
				43ADA23929ADC7DE0098CBCA /* List_examplesApp.swift */,
				43ADA23B29ADC7DE0098CBCA /* ListaSimple.swift */,
				43ADA24729ADD4270098CBCA /* ListaDinamica.swift */,
				43ADA24929ADD9E60098CBCA /* ListaDinamicaSeleccion.swift */,
				43ADA23D29ADC7DF0098CBCA /* Assets.xcassets */,
				43ADA23F29ADC7DF0098CBCA /* Preview Content */,
			);
			path = "List examples";
			sourceTree = "<group>";
		};
		43ADA23F29ADC7DF0098CBCA /* Preview Content */ = {
			isa = PBXGroup;
			children = (
				43ADA24029ADC7DF0098CBCA /* Preview Assets.xcassets */,
			);
			path = "Preview Content";
			sourceTree = "<group>";
		};
/* End PBXGroup section */

/* Begin PBXNativeTarget section */
		43ADA23529ADC7DE0098CBCA /* List examples */ = {
			isa = PBXNativeTarget;
			buildConfigurationList = 43ADA24429ADC7DF0098CBCA /* Build configuration list for PBXNativeTarget "List examples" */;
			buildPhases = (
				43ADA23229ADC7DE0098CBCA /* Sources */,
				43ADA23329ADC7DE0098CBCA /* Frameworks */,
				43ADA23429ADC7DE0098CBCA /* Resources */,
			);
			buildRules = (
			);
			dependencies = (
			);
			name = "List examples";
			productName = "List examples";
			productReference = 43ADA23629ADC7DE0098CBCA /* List examples.app */;
			productType = "com.apple.product-type.application";
		};
/* End PBXNativeTarget section */

/* Begin PBXProject section */
		43ADA22E29ADC7DE0098CBCA /* Project object */ = {
			isa = PBXProject;
			attributes = {
				BuildIndependentTargetsInParallel = 1;
				LastSwiftUpdateCheck = 1420;
				LastUpgradeCheck = 1420;
				TargetAttributes = {
					43ADA23529ADC7DE0098CBCA = {
						CreatedOnToolsVersion = 14.2;
					};
				};
			};
			buildConfigurationList = 43ADA23129ADC7DE0098CBCA /* Build configuration list for PBXProject "List examples" */;
			compatibilityVersion = "Xcode 14.0";
			developmentRegion = en;
			hasScannedForEncodings = 0;
			knownRegions = (
				en,
				Base,
			);
			mainGroup = 43ADA22D29ADC7DE0098CBCA;
			productRefGroup = 43ADA23729ADC7DE0098CBCA /* Products */;
			projectDirPath = "";
			projectRoot = "";
			targets = (
				43ADA23529ADC7DE0098CBCA /* List examples */,
			);
		};
/* End PBXProject section */

/* Begin PBXResourcesBuildPhase section */
		43ADA23429ADC7DE0098CBCA /* Resources */ = {
			isa = PBXResourcesBuildPhase;
			buildActionMask = 2147483647;
			files = (
				43ADA24129ADC7DF0098CBCA /* Preview Assets.xcassets in Resources */,
				43ADA23E29ADC7DF0098CBCA /* Assets.xcassets in Resources */,
			);
			runOnlyForDeploymentPostprocessing = 0;
		};
/* End PBXResourcesBuildPhase section */

/* Begin PBXSourcesBuildPhase section */
		43ADA23229ADC7DE0098CBCA /* Sources */ = {
			isa = PBXSourcesBuildPhase;
			buildActionMask = 2147483647;
			files = (
				43ADA23C29ADC7DE0098CBCA /* ListaSimple.swift in Sources */,
				43ADA24829ADD4270098CBCA /* ListaDinamica.swift in Sources */,
				43ADA23A29ADC7DE0098CBCA /* List_examplesApp.swift in Sources */,
				43ADA24A29ADD9E60098CBCA /* ListaDinamicaSeleccion.swift in Sources */,
			);
			runOnlyForDeploymentPostprocessing = 0;
		};
/* End PBXSourcesBuildPhase section */

/* Begin XCBuildConfiguration section */
		43ADA24229ADC7DF0098CBCA /* Debug */ = {
			isa = XCBuildConfiguration;
			buildSettings = {
				ALWAYS_SEARCH_USER_PATHS = NO;
				CLANG_ANALYZER_NONNULL = YES;
				CLANG_ANALYZER_NUMBER_OBJECT_CONVERSION = YES_AGGRESSIVE;
				CLANG_CXX_LANGUAGE_STANDARD = "gnu++20";
				CLANG_ENABLE_MODULES = YES;
				CLANG_ENABLE_OBJC_ARC = YES;
				CLANG_ENABLE_OBJC_WEAK = YES;
				CLANG_WARN_BLOCK_CAPTURE_AUTORELEASING = YES;
				CLANG_WARN_BOOL_CONVERSION = YES;
				CLANG_WARN_COMMA = YES;
				CLANG_WARN_CONSTANT_CONVERSION = YES;
				CLANG_WARN_DEPRECATED_OBJC_IMPLEMENTATIONS = YES;
				CLANG_WARN_DIRECT_OBJC_ISA_USAGE = YES_ERROR;
				CLANG_WARN_DOCUMENTATION_COMMENTS = YES;
				CLANG_WARN_EMPTY_BODY = YES;
				CLANG_WARN_ENUM_CONVERSION = YES;
				CLANG_WARN_INFINITE_RECURSION = YES;
				CLANG_WARN_INT_CONVERSION = YES;
				CLANG_WARN_NON_LITERAL_NULL_CONVERSION = YES;
				CLANG_WARN_OBJC_IMPLICIT_RETAIN_SELF = YES;
				CLANG_WARN_OBJC_LITERAL_CONVERSION = YES;
				CLANG_WARN_OBJC_ROOT_CLASS = YES_ERROR;
				CLANG_WARN_QUOTED_INCLUDE_IN_FRAMEWORK_HEADER = YES;
				CLANG_WARN_RANGE_LOOP_ANALYSIS = YES;
				CLANG_WARN_STRICT_PROTOTYPES = YES;
				CLANG_WARN_SUSPICIOUS_MOVE = YES;
				CLANG_WARN_UNGUARDED_AVAILABILITY = YES_AGGRESSIVE;
				CLANG_WARN_UNREACHABLE_CODE = YES;
				CLANG_WARN__DUPLICATE_METHOD_MATCH = YES;
				COPY_PHASE_STRIP = NO;
				DEBUG_INFORMATION_FORMAT = dwarf;
				ENABLE_STRICT_OBJC_MSGSEND = YES;
				ENABLE_TESTABILITY = YES;
				GCC_C_LANGUAGE_STANDARD = gnu11;
				GCC_DYNAMIC_NO_PIC = NO;
				GCC_NO_COMMON_BLOCKS = YES;
				GCC_OPTIMIZATION_LEVEL = 0;
				GCC_PREPROCESSOR_DEFINITIONS = (
					"DEBUG=1",
					"$(inherited)",
				);
				GCC_WARN_64_TO_32_BIT_CONVERSION = YES;
				GCC_WARN_ABOUT_RETURN_TYPE = YES_ERROR;
				GCC_WARN_UNDECLARED_SELECTOR = YES;
				GCC_WARN_UNINITIALIZED_AUTOS = YES_AGGRESSIVE;
				GCC_WARN_UNUSED_FUNCTION = YES;
				GCC_WARN_UNUSED_VARIABLE = YES;
				IPHONEOS_DEPLOYMENT_TARGET = 16.2;
				MTL_ENABLE_DEBUG_INFO = INCLUDE_SOURCE;
				MTL_FAST_MATH = YES;
				ONLY_ACTIVE_ARCH = YES;
				SDKROOT = iphoneos;
				SWIFT_ACTIVE_COMPILATION_CONDITIONS = DEBUG;
				SWIFT_OPTIMIZATION_LEVEL = "-Onone";
			};
			name = Debug;
		};
		43ADA24329ADC7DF0098CBCA /* Release */ = {
			isa = XCBuildConfiguration;
			buildSettings = {
				ALWAYS_SEARCH_USER_PATHS = NO;
				CLANG_ANALYZER_NONNULL = YES;
				CLANG_ANALYZER_NUMBER_OBJECT_CONVERSION = YES_AGGRESSIVE;
				CLANG_CXX_LANGUAGE_STANDARD = "gnu++20";
				CLANG_ENABLE_MODULES = YES;
				CLANG_ENABLE_OBJC_ARC = YES;
				CLANG_ENABLE_OBJC_WEAK = YES;
				CLANG_WARN_BLOCK_CAPTURE_AUTORELEASING = YES;
				CLANG_WARN_BOOL_CONVERSION = YES;
				CLANG_WARN_COMMA = YES;
				CLANG_WARN_CONSTANT_CONVERSION = YES;
				CLANG_WARN_DEPRECATED_OBJC_IMPLEMENTATIONS = YES;
				CLANG_WARN_DIRECT_OBJC_ISA_USAGE = YES_ERROR;
				CLANG_WARN_DOCUMENTATION_COMMENTS = YES;
				CLANG_WARN_EMPTY_BODY = YES;
				CLANG_WARN_ENUM_CONVERSION = YES;
				CLANG_WARN_INFINITE_RECURSION = YES;
				CLANG_WARN_INT_CONVERSION = YES;
				CLANG_WARN_NON_LITERAL_NULL_CONVERSION = YES;
				CLANG_WARN_OBJC_IMPLICIT_RETAIN_SELF = YES;
				CLANG_WARN_OBJC_LITERAL_CONVERSION = YES;
				CLANG_WARN_OBJC_ROOT_CLASS = YES_ERROR;
				CLANG_WARN_QUOTED_INCLUDE_IN_FRAMEWORK_HEADER = YES;
				CLANG_WARN_RANGE_LOOP_ANALYSIS = YES;
				CLANG_WARN_STRICT_PROTOTYPES = YES;
				CLANG_WARN_SUSPICIOUS_MOVE = YES;
				CLANG_WARN_UNGUARDED_AVAILABILITY = YES_AGGRESSIVE;
				CLANG_WARN_UNREACHABLE_CODE = YES;
				CLANG_WARN__DUPLICATE_METHOD_MATCH = YES;
				COPY_PHASE_STRIP = NO;
				DEBUG_INFORMATION_FORMAT = "dwarf-with-dsym";
				ENABLE_NS_ASSERTIONS = NO;
				ENABLE_STRICT_OBJC_MSGSEND = YES;
				GCC_C_LANGUAGE_STANDARD = gnu11;
				GCC_NO_COMMON_BLOCKS = YES;
				GCC_WARN_64_TO_32_BIT_CONVERSION = YES;
				GCC_WARN_ABOUT_RETURN_TYPE = YES_ERROR;
				GCC_WARN_UNDECLARED_SELECTOR = YES;
				GCC_WARN_UNINITIALIZED_AUTOS = YES_AGGRESSIVE;
				GCC_WARN_UNUSED_FUNCTION = YES;
				GCC_WARN_UNUSED_VARIABLE = YES;
				IPHONEOS_DEPLOYMENT_TARGET = 16.2;
				MTL_ENABLE_DEBUG_INFO = NO;
				MTL_FAST_MATH = YES;
				SDKROOT = iphoneos;
				SWIFT_COMPILATION_MODE = wholemodule;
				SWIFT_OPTIMIZATION_LEVEL = "-O";
				VALIDATE_PRODUCT = YES;
			};
			name = Release;
		};
		43ADA24529ADC7DF0098CBCA /* Debug */ = {
			isa = XCBuildConfiguration;
			buildSettings = {
				ASSETCATALOG_COMPILER_APPICON_NAME = AppIcon;
				ASSETCATALOG_COMPILER_GLOBAL_ACCENT_COLOR_NAME = AccentColor;
				CODE_SIGN_STYLE = Automatic;
				CURRENT_PROJECT_VERSION = 1;
				DEVELOPMENT_ASSET_PATHS = "\"List examples/Preview Content\"";
				DEVELOPMENT_TEAM = WTLRY9GBMJ;
				ENABLE_PREVIEWS = YES;
				GENERATE_INFOPLIST_FILE = YES;
				INFOPLIST_KEY_UIApplicationSceneManifest_Generation = YES;
				INFOPLIST_KEY_UIApplicationSupportsIndirectInputEvents = YES;
				INFOPLIST_KEY_UILaunchScreen_Generation = YES;
				INFOPLIST_KEY_UISupportedInterfaceOrientations_iPad = "UIInterfaceOrientationPortrait UIInterfaceOrientationPortraitUpsideDown UIInterfaceOrientationLandscapeLeft UIInterfaceOrientationLandscapeRight";
				INFOPLIST_KEY_UISupportedInterfaceOrientations_iPhone = "UIInterfaceOrientationPortrait UIInterfaceOrientationLandscapeLeft UIInterfaceOrientationLandscapeRight";
				LD_RUNPATH_SEARCH_PATHS = (
					"$(inherited)",
					"@executable_path/Frameworks",
				);
				MARKETING_VERSION = 1.0;
				PRODUCT_BUNDLE_IDENTIFIER = "mtorres.List-examples";
				PRODUCT_NAME = "$(TARGET_NAME)";
				SWIFT_EMIT_LOC_STRINGS = YES;
				SWIFT_VERSION = 5.0;
				TARGETED_DEVICE_FAMILY = "1,2";
			};
			name = Debug;
		};
		43ADA24629ADC7DF0098CBCA /* Release */ = {
			isa = XCBuildConfiguration;
			buildSettings = {
				ASSETCATALOG_COMPILER_APPICON_NAME = AppIcon;
				ASSETCATALOG_COMPILER_GLOBAL_ACCENT_COLOR_NAME = AccentColor;
				CODE_SIGN_STYLE = Automatic;
				CURRENT_PROJECT_VERSION = 1;
				DEVELOPMENT_ASSET_PATHS = "\"List examples/Preview Content\"";
				DEVELOPMENT_TEAM = WTLRY9GBMJ;
				ENABLE_PREVIEWS = YES;
				GENERATE_INFOPLIST_FILE = YES;
				INFOPLIST_KEY_UIApplicationSceneManifest_Generation = YES;
				INFOPLIST_KEY_UIApplicationSupportsIndirectInputEvents = YES;
				INFOPLIST_KEY_UILaunchScreen_Generation = YES;
				INFOPLIST_KEY_UISupportedInterfaceOrientations_iPad = "UIInterfaceOrientationPortrait UIInterfaceOrientationPortraitUpsideDown UIInterfaceOrientationLandscapeLeft UIInterfaceOrientationLandscapeRight";
				INFOPLIST_KEY_UISupportedInterfaceOrientations_iPhone = "UIInterfaceOrientationPortrait UIInterfaceOrientationLandscapeLeft UIInterfaceOrientationLandscapeRight";
				LD_RUNPATH_SEARCH_PATHS = (
					"$(inherited)",
					"@executable_path/Frameworks",
				);
				MARKETING_VERSION = 1.0;
				PRODUCT_BUNDLE_IDENTIFIER = "mtorres.List-examples";
				PRODUCT_NAME = "$(TARGET_NAME)";
				SWIFT_EMIT_LOC_STRINGS = YES;
				SWIFT_VERSION = 5.0;
				TARGETED_DEVICE_FAMILY = "1,2";
			};
			name = Release;
		};
/* End XCBuildConfiguration section */

/* Begin XCConfigurationList section */
		43ADA23129ADC7DE0098CBCA /* Build configuration list for PBXProject "List examples" */ = {
			isa = XCConfigurationList;
			buildConfigurations = (
				43ADA24229ADC7DF0098CBCA /* Debug */,
				43ADA24329ADC7DF0098CBCA /* Release */,
			);
			defaultConfigurationIsVisible = 0;
			defaultConfigurationName = Release;
		};
		43ADA24429ADC7DF0098CBCA /* Build configuration list for PBXNativeTarget "List examples" */ = {
			isa = XCConfigurationList;
			buildConfigurations = (
				43ADA24529ADC7DF0098CBCA /* Debug */,
				43ADA24629ADC7DF0098CBCA /* Release */,
			);
			defaultConfigurationIsVisible = 0;
			defaultConfigurationName = Release;
		};
/* End XCConfigurationList section */
	};
	rootObject = 43ADA22E29ADC7DE0098CBCA /* Project object */;
}
